// !$*UTF8*$!
{
	archiveVersion = 1;
	classes = {
	};
	objectVersion = 50;
	objects = {

/* Begin PBXBuildFile section */
		AB362DC02677879500A91314 /* Berliner_BadestellenApp.swift in Sources */ = {isa = PBXBuildFile; fileRef = AB362DBF2677879500A91314 /* Berliner_BadestellenApp.swift */; };
		AB362DC42677879600A91314 /* Assets.xcassets in Resources */ = {isa = PBXBuildFile; fileRef = AB362DC32677879600A91314 /* Assets.xcassets */; };
		AB362DC72677879600A91314 /* Preview Assets.xcassets in Resources */ = {isa = PBXBuildFile; fileRef = AB362DC62677879600A91314 /* Preview Assets.xcassets */; };
		AB362DD22677879600A91314 /* Berliner_BadestellenTests.swift in Sources */ = {isa = PBXBuildFile; fileRef = AB362DD12677879600A91314 /* Berliner_BadestellenTests.swift */; };
		AB362DDD2677879600A91314 /* Berliner_BadestellenUITests.swift in Sources */ = {isa = PBXBuildFile; fileRef = AB362DDC2677879600A91314 /* Berliner_BadestellenUITests.swift */; };
		AB362DEB26778AA400A91314 /* BathingAreaJson.swift in Sources */ = {isa = PBXBuildFile; fileRef = AB362DEA26778AA400A91314 /* BathingAreaJson.swift */; };
		AB362DED26778EA800A91314 /* Startview.swift in Sources */ = {isa = PBXBuildFile; fileRef = AB362DEC26778EA800A91314 /* Startview.swift */; };
		AB362DEF26778EC000A91314 /* DetailView.swift in Sources */ = {isa = PBXBuildFile; fileRef = AB362DEE26778EC000A91314 /* DetailView.swift */; };
		AB45EDF3267CA664003FAD6B /* Launch Screen.storyboard in Resources */ = {isa = PBXBuildFile; fileRef = AB45EDF2267CA664003FAD6B /* Launch Screen.storyboard */; };
		ABA26CFA267BCA9B00BEAB74 /* MapView.swift in Sources */ = {isa = PBXBuildFile; fileRef = ABA26CF9267BCA9B00BEAB74 /* MapView.swift */; };
		ABCCE6BD267A79830014C449 /* BathingArea.swift in Sources */ = {isa = PBXBuildFile; fileRef = ABCCE6BC267A79830014C449 /* BathingArea.swift */; };
/* End PBXBuildFile section */

/* Begin PBXContainerItemProxy section */
		AB362DCE2677879600A91314 /* PBXContainerItemProxy */ = {
			isa = PBXContainerItemProxy;
			containerPortal = AB362DB42677879500A91314 /* Project object */;
			proxyType = 1;
			remoteGlobalIDString = AB362DBB2677879500A91314;
			remoteInfo = "Berliner-Badestellen";
		};
		AB362DD92677879600A91314 /* PBXContainerItemProxy */ = {
			isa = PBXContainerItemProxy;
			containerPortal = AB362DB42677879500A91314 /* Project object */;
			proxyType = 1;
			remoteGlobalIDString = AB362DBB2677879500A91314;
			remoteInfo = "Berliner-Badestellen";
		};
/* End PBXContainerItemProxy section */

/* Begin PBXFileReference section */
		AB362DBC2677879500A91314 /* Berliner-Badestellen.app */ = {isa = PBXFileReference; explicitFileType = wrapper.application; includeInIndex = 0; path = "Berliner-Badestellen.app"; sourceTree = BUILT_PRODUCTS_DIR; };
		AB362DBF2677879500A91314 /* Berliner_BadestellenApp.swift */ = {isa = PBXFileReference; lastKnownFileType = sourcecode.swift; path = Berliner_BadestellenApp.swift; sourceTree = "<group>"; };
		AB362DC32677879600A91314 /* Assets.xcassets */ = {isa = PBXFileReference; lastKnownFileType = folder.assetcatalog; path = Assets.xcassets; sourceTree = "<group>"; };
		AB362DC62677879600A91314 /* Preview Assets.xcassets */ = {isa = PBXFileReference; lastKnownFileType = folder.assetcatalog; path = "Preview Assets.xcassets"; sourceTree = "<group>"; };
		AB362DC82677879600A91314 /* Info.plist */ = {isa = PBXFileReference; lastKnownFileType = text.plist.xml; path = Info.plist; sourceTree = "<group>"; };
		AB362DCD2677879600A91314 /* Berliner-BadestellenTests.xctest */ = {isa = PBXFileReference; explicitFileType = wrapper.cfbundle; includeInIndex = 0; path = "Berliner-BadestellenTests.xctest"; sourceTree = BUILT_PRODUCTS_DIR; };
		AB362DD12677879600A91314 /* Berliner_BadestellenTests.swift */ = {isa = PBXFileReference; lastKnownFileType = sourcecode.swift; path = Berliner_BadestellenTests.swift; sourceTree = "<group>"; };
		AB362DD32677879600A91314 /* Info.plist */ = {isa = PBXFileReference; lastKnownFileType = text.plist.xml; path = Info.plist; sourceTree = "<group>"; };
		AB362DD82677879600A91314 /* Berliner-BadestellenUITests.xctest */ = {isa = PBXFileReference; explicitFileType = wrapper.cfbundle; includeInIndex = 0; path = "Berliner-BadestellenUITests.xctest"; sourceTree = BUILT_PRODUCTS_DIR; };
		AB362DDC2677879600A91314 /* Berliner_BadestellenUITests.swift */ = {isa = PBXFileReference; lastKnownFileType = sourcecode.swift; path = Berliner_BadestellenUITests.swift; sourceTree = "<group>"; };
		AB362DDE2677879600A91314 /* Info.plist */ = {isa = PBXFileReference; lastKnownFileType = text.plist.xml; path = Info.plist; sourceTree = "<group>"; };
		AB362DEA26778AA400A91314 /* BathingAreaJson.swift */ = {isa = PBXFileReference; lastKnownFileType = sourcecode.swift; path = BathingAreaJson.swift; sourceTree = "<group>"; };
		AB362DEC26778EA800A91314 /* Startview.swift */ = {isa = PBXFileReference; lastKnownFileType = sourcecode.swift; path = Startview.swift; sourceTree = "<group>"; };
		AB362DEE26778EC000A91314 /* DetailView.swift */ = {isa = PBXFileReference; lastKnownFileType = sourcecode.swift; path = DetailView.swift; sourceTree = "<group>"; };
		AB45EDF2267CA664003FAD6B /* Launch Screen.storyboard */ = {isa = PBXFileReference; lastKnownFileType = file.storyboard; path = "Launch Screen.storyboard"; sourceTree = "<group>"; };
		ABA26CF9267BCA9B00BEAB74 /* MapView.swift */ = {isa = PBXFileReference; lastKnownFileType = sourcecode.swift; path = MapView.swift; sourceTree = "<group>"; };
		ABCCE6BC267A79830014C449 /* BathingArea.swift */ = {isa = PBXFileReference; lastKnownFileType = sourcecode.swift; path = BathingArea.swift; sourceTree = "<group>"; };
/* End PBXFileReference section */

/* Begin PBXFrameworksBuildPhase section */
		AB362DB92677879500A91314 /* Frameworks */ = {
			isa = PBXFrameworksBuildPhase;
			buildActionMask = 2147483647;
			files = (
			);
			runOnlyForDeploymentPostprocessing = 0;
		};
		AB362DCA2677879600A91314 /* Frameworks */ = {
			isa = PBXFrameworksBuildPhase;
			buildActionMask = 2147483647;
			files = (
			);
			runOnlyForDeploymentPostprocessing = 0;
		};
		AB362DD52677879600A91314 /* Frameworks */ = {
			isa = PBXFrameworksBuildPhase;
			buildActionMask = 2147483647;
			files = (
			);
			runOnlyForDeploymentPostprocessing = 0;
		};
/* End PBXFrameworksBuildPhase section */

/* Begin PBXGroup section */
		AB362DB32677879500A91314 = {
			isa = PBXGroup;
			children = (
				AB362DBE2677879500A91314 /* Berliner-Badestellen */,
				AB362DD02677879600A91314 /* Berliner-BadestellenTests */,
				AB362DDB2677879600A91314 /* Berliner-BadestellenUITests */,
				AB362DBD2677879500A91314 /* Products */,
			);
			sourceTree = "<group>";
		};
		AB362DBD2677879500A91314 /* Products */ = {
			isa = PBXGroup;
			children = (
				AB362DBC2677879500A91314 /* Berliner-Badestellen.app */,
				AB362DCD2677879600A91314 /* Berliner-BadestellenTests.xctest */,
				AB362DD82677879600A91314 /* Berliner-BadestellenUITests.xctest */,
			);
			name = Products;
			sourceTree = "<group>";
		};
		AB362DBE2677879500A91314 /* Berliner-Badestellen */ = {
			isa = PBXGroup;
			children = (
				AB45EDF2267CA664003FAD6B /* Launch Screen.storyboard */,
				AB362DBF2677879500A91314 /* Berliner_BadestellenApp.swift */,
				AB362DEC26778EA800A91314 /* Startview.swift */,
				AB362DEE26778EC000A91314 /* DetailView.swift */,
				ABA26CF9267BCA9B00BEAB74 /* MapView.swift */,
				AB362DEA26778AA400A91314 /* BathingAreaJson.swift */,
				ABCCE6BC267A79830014C449 /* BathingArea.swift */,
				AB362DC32677879600A91314 /* Assets.xcassets */,
				AB362DC82677879600A91314 /* Info.plist */,
				AB362DC52677879600A91314 /* Preview Content */,
			);
			path = "Berliner-Badestellen";
			sourceTree = "<group>";
		};
		AB362DC52677879600A91314 /* Preview Content */ = {
			isa = PBXGroup;
			children = (
				AB362DC62677879600A91314 /* Preview Assets.xcassets */,
			);
			path = "Preview Content";
			sourceTree = "<group>";
		};
		AB362DD02677879600A91314 /* Berliner-BadestellenTests */ = {
			isa = PBXGroup;
			children = (
				AB362DD12677879600A91314 /* Berliner_BadestellenTests.swift */,
				AB362DD32677879600A91314 /* Info.plist */,
			);
			path = "Berliner-BadestellenTests";
			sourceTree = "<group>";
		};
		AB362DDB2677879600A91314 /* Berliner-BadestellenUITests */ = {
			isa = PBXGroup;
			children = (
				AB362DDC2677879600A91314 /* Berliner_BadestellenUITests.swift */,
				AB362DDE2677879600A91314 /* Info.plist */,
			);
			path = "Berliner-BadestellenUITests";
			sourceTree = "<group>";
		};
/* End PBXGroup section */

/* Begin PBXNativeTarget section */
		AB362DBB2677879500A91314 /* Berliner-Badestellen */ = {
			isa = PBXNativeTarget;
			buildConfigurationList = AB362DE12677879600A91314 /* Build configuration list for PBXNativeTarget "Berliner-Badestellen" */;
			buildPhases = (
				AB362DB82677879500A91314 /* Sources */,
				AB362DB92677879500A91314 /* Frameworks */,
				AB362DBA2677879500A91314 /* Resources */,
			);
			buildRules = (
			);
			dependencies = (
			);
			name = "Berliner-Badestellen";
			productName = "Berliner-Badestellen";
			productReference = AB362DBC2677879500A91314 /* Berliner-Badestellen.app */;
			productType = "com.apple.product-type.application";
		};
		AB362DCC2677879600A91314 /* Berliner-BadestellenTests */ = {
			isa = PBXNativeTarget;
			buildConfigurationList = AB362DE42677879600A91314 /* Build configuration list for PBXNativeTarget "Berliner-BadestellenTests" */;
			buildPhases = (
				AB362DC92677879600A91314 /* Sources */,
				AB362DCA2677879600A91314 /* Frameworks */,
				AB362DCB2677879600A91314 /* Resources */,
			);
			buildRules = (
			);
			dependencies = (
				AB362DCF2677879600A91314 /* PBXTargetDependency */,
			);
			name = "Berliner-BadestellenTests";
			productName = "Berliner-BadestellenTests";
			productReference = AB362DCD2677879600A91314 /* Berliner-BadestellenTests.xctest */;
			productType = "com.apple.product-type.bundle.unit-test";
		};
		AB362DD72677879600A91314 /* Berliner-BadestellenUITests */ = {
			isa = PBXNativeTarget;
			buildConfigurationList = AB362DE72677879600A91314 /* Build configuration list for PBXNativeTarget "Berliner-BadestellenUITests" */;
			buildPhases = (
				AB362DD42677879600A91314 /* Sources */,
				AB362DD52677879600A91314 /* Frameworks */,
				AB362DD62677879600A91314 /* Resources */,
			);
			buildRules = (
			);
			dependencies = (
				AB362DDA2677879600A91314 /* PBXTargetDependency */,
			);
			name = "Berliner-BadestellenUITests";
			productName = "Berliner-BadestellenUITests";
			productReference = AB362DD82677879600A91314 /* Berliner-BadestellenUITests.xctest */;
			productType = "com.apple.product-type.bundle.ui-testing";
		};
/* End PBXNativeTarget section */

/* Begin PBXProject section */
		AB362DB42677879500A91314 /* Project object */ = {
			isa = PBXProject;
			attributes = {
				LastSwiftUpdateCheck = 1250;
				LastUpgradeCheck = 1250;
				TargetAttributes = {
					AB362DBB2677879500A91314 = {
						CreatedOnToolsVersion = 12.5;
					};
					AB362DCC2677879600A91314 = {
						CreatedOnToolsVersion = 12.5;
						TestTargetID = AB362DBB2677879500A91314;
					};
					AB362DD72677879600A91314 = {
						CreatedOnToolsVersion = 12.5;
						TestTargetID = AB362DBB2677879500A91314;
					};
				};
			};
			buildConfigurationList = AB362DB72677879500A91314 /* Build configuration list for PBXProject "Berliner-Badestellen" */;
			compatibilityVersion = "Xcode 9.3";
			developmentRegion = en;
			hasScannedForEncodings = 0;
			knownRegions = (
				en,
				Base,
			);
			mainGroup = AB362DB32677879500A91314;
			productRefGroup = AB362DBD2677879500A91314 /* Products */;
			projectDirPath = "";
			projectRoot = "";
			targets = (
				AB362DBB2677879500A91314 /* Berliner-Badestellen */,
				AB362DCC2677879600A91314 /* Berliner-BadestellenTests */,
				AB362DD72677879600A91314 /* Berliner-BadestellenUITests */,
			);
		};
/* End PBXProject section */

/* Begin PBXResourcesBuildPhase section */
		AB362DBA2677879500A91314 /* Resources */ = {
			isa = PBXResourcesBuildPhase;
			buildActionMask = 2147483647;
			files = (
				AB45EDF3267CA664003FAD6B /* Launch Screen.storyboard in Resources */,
				AB362DC72677879600A91314 /* Preview Assets.xcassets in Resources */,
				AB362DC42677879600A91314 /* Assets.xcassets in Resources */,
			);
			runOnlyForDeploymentPostprocessing = 0;
		};
		AB362DCB2677879600A91314 /* Resources */ = {
			isa = PBXResourcesBuildPhase;
			buildActionMask = 2147483647;
			files = (
			);
			runOnlyForDeploymentPostprocessing = 0;
		};
		AB362DD62677879600A91314 /* Resources */ = {
			isa = PBXResourcesBuildPhase;
			buildActionMask = 2147483647;
			files = (
			);
			runOnlyForDeploymentPostprocessing = 0;
		};
/* End PBXResourcesBuildPhase section */

/* Begin PBXSourcesBuildPhase section */
		AB362DB82677879500A91314 /* Sources */ = {
			isa = PBXSourcesBuildPhase;
			buildActionMask = 2147483647;
			files = (
				ABCCE6BD267A79830014C449 /* BathingArea.swift in Sources */,
				AB362DEB26778AA400A91314 /* BathingAreaJson.swift in Sources */,
				ABA26CFA267BCA9B00BEAB74 /* MapView.swift in Sources */,
				AB362DC02677879500A91314 /* Berliner_BadestellenApp.swift in Sources */,
				AB362DEF26778EC000A91314 /* DetailView.swift in Sources */,
				AB362DED26778EA800A91314 /* Startview.swift in Sources */,
			);
			runOnlyForDeploymentPostprocessing = 0;
		};
		AB362DC92677879600A91314 /* Sources */ = {
			isa = PBXSourcesBuildPhase;
			buildActionMask = 2147483647;
			files = (
				AB362DD22677879600A91314 /* Berliner_BadestellenTests.swift in Sources */,
			);
			runOnlyForDeploymentPostprocessing = 0;
		};
		AB362DD42677879600A91314 /* Sources */ = {
			isa = PBXSourcesBuildPhase;
			buildActionMask = 2147483647;
			files = (
				AB362DDD2677879600A91314 /* Berliner_BadestellenUITests.swift in Sources */,
			);
			runOnlyForDeploymentPostprocessing = 0;
		};
/* End PBXSourcesBuildPhase section */

/* Begin PBXTargetDependency section */
		AB362DCF2677879600A91314 /* PBXTargetDependency */ = {
			isa = PBXTargetDependency;
			target = AB362DBB2677879500A91314 /* Berliner-Badestellen */;
			targetProxy = AB362DCE2677879600A91314 /* PBXContainerItemProxy */;
		};
		AB362DDA2677879600A91314 /* PBXTargetDependency */ = {
			isa = PBXTargetDependency;
			target = AB362DBB2677879500A91314 /* Berliner-Badestellen */;
			targetProxy = AB362DD92677879600A91314 /* PBXContainerItemProxy */;
		};
/* End PBXTargetDependency section */

/* Begin XCBuildConfiguration section */
		AB362DDF2677879600A91314 /* Debug */ = {
			isa = XCBuildConfiguration;
			buildSettings = {
				ALWAYS_SEARCH_USER_PATHS = NO;
				CLANG_ANALYZER_NONNULL = YES;
				CLANG_ANALYZER_NUMBER_OBJECT_CONVERSION = YES_AGGRESSIVE;
				CLANG_CXX_LANGUAGE_STANDARD = "gnu++14";
				CLANG_CXX_LIBRARY = "libc++";
				CLANG_ENABLE_MODULES = YES;
				CLANG_ENABLE_OBJC_ARC = YES;
				CLANG_ENABLE_OBJC_WEAK = YES;
				CLANG_WARN_BLOCK_CAPTURE_AUTORELEASING = YES;
				CLANG_WARN_BOOL_CONVERSION = YES;
				CLANG_WARN_COMMA = YES;
				CLANG_WARN_CONSTANT_CONVERSION = YES;
				CLANG_WARN_DEPRECATED_OBJC_IMPLEMENTATIONS = YES;
				CLANG_WARN_DIRECT_OBJC_ISA_USAGE = YES_ERROR;
				CLANG_WARN_DOCUMENTATION_COMMENTS = YES;
				CLANG_WARN_EMPTY_BODY = YES;
				CLANG_WARN_ENUM_CONVERSION = YES;
				CLANG_WARN_INFINITE_RECURSION = YES;
				CLANG_WARN_INT_CONVERSION = YES;
				CLANG_WARN_NON_LITERAL_NULL_CONVERSION = YES;
				CLANG_WARN_OBJC_IMPLICIT_RETAIN_SELF = YES;
				CLANG_WARN_OBJC_LITERAL_CONVERSION = YES;
				CLANG_WARN_OBJC_ROOT_CLASS = YES_ERROR;
				CLANG_WARN_QUOTED_INCLUDE_IN_FRAMEWORK_HEADER = YES;
				CLANG_WARN_RANGE_LOOP_ANALYSIS = YES;
				CLANG_WARN_STRICT_PROTOTYPES = YES;
				CLANG_WARN_SUSPICIOUS_MOVE = YES;
				CLANG_WARN_UNGUARDED_AVAILABILITY = YES_AGGRESSIVE;
				CLANG_WARN_UNREACHABLE_CODE = YES;
				CLANG_WARN__DUPLICATE_METHOD_MATCH = YES;
				COPY_PHASE_STRIP = NO;
				DEBUG_INFORMATION_FORMAT = dwarf;
				ENABLE_STRICT_OBJC_MSGSEND = YES;
				ENABLE_TESTABILITY = YES;
				GCC_C_LANGUAGE_STANDARD = gnu11;
				GCC_DYNAMIC_NO_PIC = NO;
				GCC_NO_COMMON_BLOCKS = YES;
				GCC_OPTIMIZATION_LEVEL = 0;
				GCC_PREPROCESSOR_DEFINITIONS = (
					"DEBUG=1",
					"$(inherited)",
				);
				GCC_WARN_64_TO_32_BIT_CONVERSION = YES;
				GCC_WARN_ABOUT_RETURN_TYPE = YES_ERROR;
				GCC_WARN_UNDECLARED_SELECTOR = YES;
				GCC_WARN_UNINITIALIZED_AUTOS = YES_AGGRESSIVE;
				GCC_WARN_UNUSED_FUNCTION = YES;
				GCC_WARN_UNUSED_VARIABLE = YES;
				IPHONEOS_DEPLOYMENT_TARGET = 14.5;
				MTL_ENABLE_DEBUG_INFO = INCLUDE_SOURCE;
				MTL_FAST_MATH = YES;
				ONLY_ACTIVE_ARCH = YES;
				SDKROOT = iphoneos;
				SWIFT_ACTIVE_COMPILATION_CONDITIONS = DEBUG;
				SWIFT_OPTIMIZATION_LEVEL = "-Onone";
			};
			name = Debug;
		};
		AB362DE02677879600A91314 /* Release */ = {
			isa = XCBuildConfiguration;
			buildSettings = {
				ALWAYS_SEARCH_USER_PATHS = NO;
				CLANG_ANALYZER_NONNULL = YES;
				CLANG_ANALYZER_NUMBER_OBJECT_CONVERSION = YES_AGGRESSIVE;
				CLANG_CXX_LANGUAGE_STANDARD = "gnu++14";
				CLANG_CXX_LIBRARY = "libc++";
				CLANG_ENABLE_MODULES = YES;
				CLANG_ENABLE_OBJC_ARC = YES;
				CLANG_ENABLE_OBJC_WEAK = YES;
				CLANG_WARN_BLOCK_CAPTURE_AUTORELEASING = YES;
				CLANG_WARN_BOOL_CONVERSION = YES;
				CLANG_WARN_COMMA = YES;
				CLANG_WARN_CONSTANT_CONVERSION = YES;
				CLANG_WARN_DEPRECATED_OBJC_IMPLEMENTATIONS = YES;
				CLANG_WARN_DIRECT_OBJC_ISA_USAGE = YES_ERROR;
				CLANG_WARN_DOCUMENTATION_COMMENTS = YES;
				CLANG_WARN_EMPTY_BODY = YES;
				CLANG_WARN_ENUM_CONVERSION = YES;
				CLANG_WARN_INFINITE_RECURSION = YES;
				CLANG_WARN_INT_CONVERSION = YES;
				CLANG_WARN_NON_LITERAL_NULL_CONVERSION = YES;
				CLANG_WARN_OBJC_IMPLICIT_RETAIN_SELF = YES;
				CLANG_WARN_OBJC_LITERAL_CONVERSION = YES;
				CLANG_WARN_OBJC_ROOT_CLASS = YES_ERROR;
				CLANG_WARN_QUOTED_INCLUDE_IN_FRAMEWORK_HEADER = YES;
				CLANG_WARN_RANGE_LOOP_ANALYSIS = YES;
				CLANG_WARN_STRICT_PROTOTYPES = YES;
				CLANG_WARN_SUSPICIOUS_MOVE = YES;
				CLANG_WARN_UNGUARDED_AVAILABILITY = YES_AGGRESSIVE;
				CLANG_WARN_UNREACHABLE_CODE = YES;
				CLANG_WARN__DUPLICATE_METHOD_MATCH = YES;
				COPY_PHASE_STRIP = NO;
				DEBUG_INFORMATION_FORMAT = "dwarf-with-dsym";
				ENABLE_NS_ASSERTIONS = NO;
				ENABLE_STRICT_OBJC_MSGSEND = YES;
				GCC_C_LANGUAGE_STANDARD = gnu11;
				GCC_NO_COMMON_BLOCKS = YES;
				GCC_WARN_64_TO_32_BIT_CONVERSION = YES;
				GCC_WARN_ABOUT_RETURN_TYPE = YES_ERROR;
				GCC_WARN_UNDECLARED_SELECTOR = YES;
				GCC_WARN_UNINITIALIZED_AUTOS = YES_AGGRESSIVE;
				GCC_WARN_UNUSED_FUNCTION = YES;
				GCC_WARN_UNUSED_VARIABLE = YES;
				IPHONEOS_DEPLOYMENT_TARGET = 14.5;
				MTL_ENABLE_DEBUG_INFO = NO;
				MTL_FAST_MATH = YES;
				SDKROOT = iphoneos;
				SWIFT_COMPILATION_MODE = wholemodule;
				SWIFT_OPTIMIZATION_LEVEL = "-O";
				VALIDATE_PRODUCT = YES;
			};
			name = Release;
		};
		AB362DE22677879600A91314 /* Debug */ = {
			isa = XCBuildConfiguration;
			buildSettings = {
				ASSETCATALOG_COMPILER_APPICON_NAME = AppIcon;
				ASSETCATALOG_COMPILER_GLOBAL_ACCENT_COLOR_NAME = AccentColor;
				CODE_SIGN_STYLE = Automatic;
				DEVELOPMENT_ASSET_PATHS = "\"Berliner-Badestellen/Preview Content\"";
				DEVELOPMENT_TEAM = 4DU4ZC4LM6;
				ENABLE_PREVIEWS = YES;
				INFOPLIST_FILE = "Berliner-Badestellen/Info.plist";
				IPHONEOS_DEPLOYMENT_TARGET = 14.0;
				LD_RUNPATH_SEARCH_PATHS = (
					"$(inherited)",
					"@executable_path/Frameworks",
				);
				PRODUCT_BUNDLE_IDENTIFIER = "de.felixpi.Berliner-Badestellen";
				PRODUCT_NAME = "$(TARGET_NAME)";
				SWIFT_VERSION = 5.0;
				TARGETED_DEVICE_FAMILY = "1,2";
			};
			name = Debug;
		};
		AB362DE32677879600A91314 /* Release */ = {
			isa = XCBuildConfiguration;
			buildSettings = {
				ASSETCATALOG_COMPILER_APPICON_NAME = AppIcon;
				ASSETCATALOG_COMPILER_GLOBAL_ACCENT_COLOR_NAME = AccentColor;
				CODE_SIGN_STYLE = Automatic;
				DEVELOPMENT_ASSET_PATHS = "\"Berliner-Badestellen/Preview Content\"";
				DEVELOPMENT_TEAM = 4DU4ZC4LM6;
				ENABLE_PREVIEWS = YES;
				INFOPLIST_FILE = "Berliner-Badestellen/Info.plist";
				IPHONEOS_DEPLOYMENT_TARGET = 14.0;
				LD_RUNPATH_SEARCH_PATHS = (
					"$(inherited)",
					"@executable_path/Frameworks",
				);
				PRODUCT_BUNDLE_IDENTIFIER = "de.felixpi.Berliner-Badestellen";
				PRODUCT_NAME = "$(TARGET_NAME)";
				SWIFT_VERSION = 5.0;
				TARGETED_DEVICE_FAMILY = "1,2";
			};
			name = Release;
		};
		AB362DE52677879600A91314 /* Debug */ = {
			isa = XCBuildConfiguration;
			buildSettings = {
				ALWAYS_EMBED_SWIFT_STANDARD_LIBRARIES = YES;
				BUNDLE_LOADER = "$(TEST_HOST)";
				CODE_SIGN_STYLE = Automatic;
				DEVELOPMENT_TEAM = 4DU4ZC4LM6;
				INFOPLIST_FILE = "Berliner-BadestellenTests/Info.plist";
				IPHONEOS_DEPLOYMENT_TARGET = 14.0;
				LD_RUNPATH_SEARCH_PATHS = (
					"$(inherited)",
					"@executable_path/Frameworks",
					"@loader_path/Frameworks",
				);
				PRODUCT_BUNDLE_IDENTIFIER = "de.felixpi.Berliner-BadestellenTests";
				PRODUCT_NAME = "$(TARGET_NAME)";
				SWIFT_VERSION = 5.0;
				TARGETED_DEVICE_FAMILY = "1,2";
				TEST_HOST = "$(BUILT_PRODUCTS_DIR)/Berliner-Badestellen.app/Berliner-Badestellen";
			};
			name = Debug;
		};
		AB362DE62677879600A91314 /* Release */ = {
			isa = XCBuildConfiguration;
			buildSettings = {
				ALWAYS_EMBED_SWIFT_STANDARD_LIBRARIES = YES;
				BUNDLE_LOADER = "$(TEST_HOST)";
				CODE_SIGN_STYLE = Automatic;
				DEVELOPMENT_TEAM = 4DU4ZC4LM6;
				INFOPLIST_FILE = "Berliner-BadestellenTests/Info.plist";
				IPHONEOS_DEPLOYMENT_TARGET = 14.0;
				LD_RUNPATH_SEARCH_PATHS = (
					"$(inherited)",
					"@executable_path/Frameworks",
					"@loader_path/Frameworks",
				);
				PRODUCT_BUNDLE_IDENTIFIER = "de.felixpi.Berliner-BadestellenTests";
				PRODUCT_NAME = "$(TARGET_NAME)";
				SWIFT_VERSION = 5.0;
				TARGETED_DEVICE_FAMILY = "1,2";
				TEST_HOST = "$(BUILT_PRODUCTS_DIR)/Berliner-Badestellen.app/Berliner-Badestellen";
			};
			name = Release;
		};
		AB362DE82677879600A91314 /* Debug */ = {
			isa = XCBuildConfiguration;
			buildSettings = {
				ALWAYS_EMBED_SWIFT_STANDARD_LIBRARIES = YES;
				CODE_SIGN_STYLE = Automatic;
				DEVELOPMENT_TEAM = 4DU4ZC4LM6;
				INFOPLIST_FILE = "Berliner-BadestellenUITests/Info.plist";
				LD_RUNPATH_SEARCH_PATHS = (
					"$(inherited)",
					"@executable_path/Frameworks",
					"@loader_path/Frameworks",
				);
				PRODUCT_BUNDLE_IDENTIFIER = "de.felixpi.Berliner-BadestellenUITests";
				PRODUCT_NAME = "$(TARGET_NAME)";
				SWIFT_VERSION = 5.0;
				TARGETED_DEVICE_FAMILY = "1,2";
				TEST_TARGET_NAME = "Berliner-Badestellen";
			};
			name = Debug;
		};
		AB362DE92677879600A91314 /* Release */ = {
			isa = XCBuildConfiguration;
			buildSettings = {
				ALWAYS_EMBED_SWIFT_STANDARD_LIBRARIES = YES;
				CODE_SIGN_STYLE = Automatic;
				DEVELOPMENT_TEAM = 4DU4ZC4LM6;
				INFOPLIST_FILE = "Berliner-BadestellenUITests/Info.plist";
				LD_RUNPATH_SEARCH_PATHS = (
					"$(inherited)",
					"@executable_path/Frameworks",
					"@loader_path/Frameworks",
				);
				PRODUCT_BUNDLE_IDENTIFIER = "de.felixpi.Berliner-BadestellenUITests";
				PRODUCT_NAME = "$(TARGET_NAME)";
				SWIFT_VERSION = 5.0;
				TARGETED_DEVICE_FAMILY = "1,2";
				TEST_TARGET_NAME = "Berliner-Badestellen";
			};
			name = Release;
		};
/* End XCBuildConfiguration section */

/* Begin XCConfigurationList section */
		AB362DB72677879500A91314 /* Build configuration list for PBXProject "Berliner-Badestellen" */ = {
			isa = XCConfigurationList;
			buildConfigurations = (
				AB362DDF2677879600A91314 /* Debug */,
				AB362DE02677879600A91314 /* Release */,
			);
			defaultConfigurationIsVisible = 0;
			defaultConfigurationName = Release;
		};
		AB362DE12677879600A91314 /* Build configuration list for PBXNativeTarget "Berliner-Badestellen" */ = {
			isa = XCConfigurationList;
			buildConfigurations = (
				AB362DE22677879600A91314 /* Debug */,
				AB362DE32677879600A91314 /* Release */,
			);
			defaultConfigurationIsVisible = 0;
			defaultConfigurationName = Release;
		};
		AB362DE42677879600A91314 /* Build configuration list for PBXNativeTarget "Berliner-BadestellenTests" */ = {
			isa = XCConfigurationList;
			buildConfigurations = (
				AB362DE52677879600A91314 /* Debug */,
				AB362DE62677879600A91314 /* Release */,
			);
			defaultConfigurationIsVisible = 0;
			defaultConfigurationName = Release;
		};
		AB362DE72677879600A91314 /* Build configuration list for PBXNativeTarget "Berliner-BadestellenUITests" */ = {
			isa = XCConfigurationList;
			buildConfigurations = (
				AB362DE82677879600A91314 /* Debug */,
				AB362DE92677879600A91314 /* Release */,
			);
			defaultConfigurationIsVisible = 0;
			defaultConfigurationName = Release;
		};
/* End XCConfigurationList section */
	};
	rootObject = AB362DB42677879500A91314 /* Project object */;
}
